
Microsoft Visual Studio Solution File, Format Version 12.00
# Visual Studio Version 17
VisualStudioVersion = 17.10.35013.160
MinimumVisualStudioVersion = 10.0.40219.1
Project("{FAE04EC0-301F-11D3-BF4B-00C04F79EFBC}") = "ServerShared", "ServerShared.csproj", "{2B182262-60F8-4AE3-B6CB-EF377D758F91}"
EndProject
Global
	GlobalSection(SolutionConfigurationPlatforms) = preSolution
		Debug|Any CPU = Debug|Any CPU
		Release|Any CPU = Release|Any CPU
	EndGlobalSection
	GlobalSection(ProjectConfigurationPlatforms) = postSolution
		{2B182262-60F8-4AE3-B6CB-EF377D758F91}.Debug|Any CPU.ActiveCfg = Debug|Any CPU
		{2B182262-60F8-4AE3-B6CB-EF377D758F91}.Debug|Any CPU.Build.0 = Debug|Any CPU
		{2B182262-60F8-4AE3-B6CB-EF377D758F91}.Release|Any CPU.ActiveCfg = Release|Any CPU
		{2B182262-60F8-4AE3-B6CB-EF377D758F91}.Release|Any CPU.Build.0 = Release|Any CPU
	EndGlobalSection
	GlobalSection(SolutionProperties) = preSolution
		HideSolutionNode = FALSE
	EndGlobalSection
	GlobalSection(ExtensibilityGlobals) = postSolution
		SolutionGuid = {71D4D42F-5423-4FCC-BE22-4C4E8C735305}
	EndGlobalSection
EndGlobal
