
Microsoft Visual Studio Solution File, Format Version 12.00
# Visual Studio Version 17
VisualStudioVersion = 17.10.35013.160
MinimumVisualStudioVersion = 10.0.40219.1
Project("{9A19103F-16F7-4668-BE54-9A1E7A4F7556}") = "GameServer", "GameServer.csproj", "{CE10EA20-E437-4037-8844-9ABE91F4B838}"
EndProject
Project("{9A19103F-16F7-4668-BE54-9A1E7A4F7556}") = "ServerShared", "..\ServerShared\ServerShared.csproj", "{C1E7E578-A5AF-4FE2-901E-2A5D74329936}"
EndProject
Global
	GlobalSection(SolutionConfigurationPlatforms) = preSolution
		Debug|Any CPU = Debug|Any CPU
		Release|Any CPU = Release|Any CPU
	EndGlobalSection
	GlobalSection(ProjectConfigurationPlatforms) = postSolution
		{CE10EA20-E437-4037-8844-9ABE91F4B838}.Debug|Any CPU.ActiveCfg = Debug|Any CPU
		{CE10EA20-E437-4037-8844-9ABE91F4B838}.Debug|Any CPU.Build.0 = Debug|Any CPU
		{CE10EA20-E437-4037-8844-9ABE91F4B838}.Release|Any CPU.ActiveCfg = Release|Any CPU
		{CE10EA20-E437-4037-8844-9ABE91F4B838}.Release|Any CPU.Build.0 = Release|Any CPU
		{C1E7E578-A5AF-4FE2-901E-2A5D74329936}.Debug|Any CPU.ActiveCfg = Debug|Any CPU
		{C1E7E578-A5AF-4FE2-901E-2A5D74329936}.Debug|Any CPU.Build.0 = Debug|Any CPU
		{C1E7E578-A5AF-4FE2-901E-2A5D74329936}.Release|Any CPU.ActiveCfg = Release|Any CPU
		{C1E7E578-A5AF-4FE2-901E-2A5D74329936}.Release|Any CPU.Build.0 = Release|Any CPU
	EndGlobalSection
	GlobalSection(SolutionProperties) = preSolution
		HideSolutionNode = FALSE
	EndGlobalSection
	GlobalSection(ExtensibilityGlobals) = postSolution
		SolutionGuid = {37922032-E967-4FBB-AABF-E311A845C3CF}
	EndGlobalSection
EndGlobal
