
Microsoft Visual Studio Solution File, Format Version 12.00
Project("{FAE04EC0-301F-11D3-BF4B-00C04F79EFBC}") = "APIServer", "APIServer.csproj", "{C4BF4730-21F7-4F00-A236-706420265F0D}"
EndProject
Global
	GlobalSection(SolutionConfigurationPlatforms) = preSolution
		Debug|Any CPU = Debug|Any CPU
		Release|Any CPU = Release|Any CPU
	EndGlobalSection
	GlobalSection(ProjectConfigurationPlatforms) = postSolution
		{C4BF4730-21F7-4F00-A236-706420265F0D}.Debug|Any CPU.ActiveCfg = Debug|Any CPU
		{C4BF4730-21F7-4F00-A236-706420265F0D}.Debug|Any CPU.Build.0 = Debug|Any CPU
		{C4BF4730-21F7-4F00-A236-706420265F0D}.Release|Any CPU.ActiveCfg = Release|Any CPU
		{C4BF4730-21F7-4F00-A236-706420265F0D}.Release|Any CPU.Build.0 = Release|Any CPU
		{AC7CEAA7-C4E2-4940-BDAE-0DCFDB5FC273}.Debug|Any CPU.ActiveCfg = Debug|Any CPU
		{AC7CEAA7-C4E2-4940-BDAE-0DCFDB5FC273}.Debug|Any CPU.Build.0 = Debug|Any CPU
		{AC7CEAA7-C4E2-4940-BDAE-0DCFDB5FC273}.Release|Any CPU.ActiveCfg = Release|Any CPU
		{AC7CEAA7-C4E2-4940-BDAE-0DCFDB5FC273}.Release|Any CPU.Build.0 = Release|Any CPU
	EndGlobalSection
EndGlobal
