
Microsoft Visual Studio Solution File, Format Version 12.00
# Visual Studio Version 17
VisualStudioVersion = 17.12.35527.113
MinimumVisualStudioVersion = 10.0.40219.1
Project("{FAE04EC0-301F-11D3-BF4B-00C04F79EFBC}") = "ContentDLL", "ContentDLL.csproj", "{2F641999-EC07-474D-B0F1-28DF283EB78E}"
EndProject
Global
	GlobalSection(SolutionConfigurationPlatforms) = preSolution
		Debug|Any CPU = Debug|Any CPU
		Release|Any CPU = Release|Any CPU
	EndGlobalSection
	GlobalSection(ProjectConfigurationPlatforms) = postSolution
		{2F641999-EC07-474D-B0F1-28DF283EB78E}.Debug|Any CPU.ActiveCfg = Debug|Any CPU
		{2F641999-EC07-474D-B0F1-28DF283EB78E}.Debug|Any CPU.Build.0 = Debug|Any CPU
		{2F641999-EC07-474D-B0F1-28DF283EB78E}.Release|Any CPU.ActiveCfg = Release|Any CPU
		{2F641999-EC07-474D-B0F1-28DF283EB78E}.Release|Any CPU.Build.0 = Release|Any CPU
	EndGlobalSection
	GlobalSection(SolutionProperties) = preSolution
		HideSolutionNode = FALSE
	EndGlobalSection
EndGlobal
