
Microsoft Visual Studio Solution File, Format Version 12.00
# Visual Studio Version 17
VisualStudioVersion = 17.14.36511.14 d17.14
MinimumVisualStudioVersion = 10.0.40219.1
Project("{FAE04EC0-301F-11D3-BF4B-00C04F79EFBC}") = "TCPSocketServer", "TCPSocketServer.csproj", "{C0F016BC-0CE9-CF75-53DA-DF95F0DD2DB8}"
EndProject
Global
	GlobalSection(SolutionConfigurationPlatforms) = preSolution
		Debug|Any CPU = Debug|Any CPU
		Release|Any CPU = Release|Any CPU
	EndGlobalSection
	GlobalSection(ProjectConfigurationPlatforms) = postSolution
		{C0F016BC-0CE9-CF75-53DA-DF95F0DD2DB8}.Debug|Any CPU.ActiveCfg = Debug|Any CPU
		{C0F016BC-0CE9-CF75-53DA-DF95F0DD2DB8}.Debug|Any CPU.Build.0 = Debug|Any CPU
		{C0F016BC-0CE9-CF75-53DA-DF95F0DD2DB8}.Release|Any CPU.ActiveCfg = Release|Any CPU
		{C0F016BC-0CE9-CF75-53DA-DF95F0DD2DB8}.Release|Any CPU.Build.0 = Release|Any CPU
	EndGlobalSection
	GlobalSection(SolutionProperties) = preSolution
		HideSolutionNode = FALSE
	EndGlobalSection
	GlobalSection(ExtensibilityGlobals) = postSolution
		SolutionGuid = {05B5E361-FDD0-4A67-B3AE-C1593D20BAFD}
	EndGlobalSection
EndGlobal
