
Microsoft Visual Studio Solution File, Format Version 12.00
# Visual Studio Version 17
VisualStudioVersion = 17.10.35013.160
MinimumVisualStudioVersion = 10.0.40219.1
Project("{FAE04EC0-301F-11D3-BF4B-00C04F79EFBC}") = "HiveServer", "HiveServer.csproj", "{A67DCFC3-E1FA-4925-8688-CE25EE8B9448}"
EndProject
Global
	GlobalSection(SolutionConfigurationPlatforms) = preSolution
		Debug|Any CPU = Debug|Any CPU
		Release|Any CPU = Release|Any CPU
	EndGlobalSection
	GlobalSection(ProjectConfigurationPlatforms) = postSolution
		{A67DCFC3-E1FA-4925-8688-CE25EE8B9448}.Debug|Any CPU.ActiveCfg = Debug|Any CPU
		{A67DCFC3-E1FA-4925-8688-CE25EE8B9448}.Debug|Any CPU.Build.0 = Debug|Any CPU
		{A67DCFC3-E1FA-4925-8688-CE25EE8B9448}.Release|Any CPU.ActiveCfg = Release|Any CPU
		{A67DCFC3-E1FA-4925-8688-CE25EE8B9448}.Release|Any CPU.Build.0 = Release|Any CPU
	EndGlobalSection
	GlobalSection(SolutionProperties) = preSolution
		HideSolutionNode = FALSE
	EndGlobalSection
	GlobalSection(ExtensibilityGlobals) = postSolution
		SolutionGuid = {99BD0C47-63B1-426B-A590-B60FE7E0BF38}
	EndGlobalSection
EndGlobal
