
Microsoft Visual Studio Solution File, Format Version 12.00
# Visual Studio Version 17
VisualStudioVersion = 17.8.34330.188
MinimumVisualStudioVersion = 10.0.40219.1
Project("{9A19103F-16F7-4668-BE54-9A1E7A4F7556}") = "HiveServer", "HiveServer\HiveServer.csproj", "{20617AD8-6292-456A-ABE0-0493E3697127}"
EndProject
Project("{9A19103F-16F7-4668-BE54-9A1E7A4F7556}") = "MatchServer", "MatchServer\MatchServer.csproj", "{F9B36746-C3A4-46D9-A3B7-5FED6C54B5F7}"
EndProject
Project("{9A19103F-16F7-4668-BE54-9A1E7A4F7556}") = "GameServer", "GameServer\GameServer.csproj", "{212ECDB8-A486-486F-9C1C-54F6A11135E0}"
EndProject
Project("{9A19103F-16F7-4668-BE54-9A1E7A4F7556}") = "ServerShared", "ServerShared\ServerShared.csproj", "{C7D05766-2DB9-47A7-8079-B238AD1484CA}"
EndProject
Global
	GlobalSection(SolutionConfigurationPlatforms) = preSolution
		Debug|Any CPU = Debug|Any CPU
		Release|Any CPU = Release|Any CPU
	EndGlobalSection
	GlobalSection(ProjectConfigurationPlatforms) = postSolution
		{20617AD8-6292-456A-ABE0-0493E3697127}.Debug|Any CPU.ActiveCfg = Debug|Any CPU
		{20617AD8-6292-456A-ABE0-0493E3697127}.Debug|Any CPU.Build.0 = Debug|Any CPU
		{20617AD8-6292-456A-ABE0-0493E3697127}.Release|Any CPU.ActiveCfg = Release|Any CPU
		{20617AD8-6292-456A-ABE0-0493E3697127}.Release|Any CPU.Build.0 = Release|Any CPU
		{F9B36746-C3A4-46D9-A3B7-5FED6C54B5F7}.Debug|Any CPU.ActiveCfg = Debug|Any CPU
		{F9B36746-C3A4-46D9-A3B7-5FED6C54B5F7}.Debug|Any CPU.Build.0 = Debug|Any CPU
		{F9B36746-C3A4-46D9-A3B7-5FED6C54B5F7}.Release|Any CPU.ActiveCfg = Release|Any CPU
		{F9B36746-C3A4-46D9-A3B7-5FED6C54B5F7}.Release|Any CPU.Build.0 = Release|Any CPU
		{212ECDB8-A486-486F-9C1C-54F6A11135E0}.Debug|Any CPU.ActiveCfg = Debug|Any CPU
		{212ECDB8-A486-486F-9C1C-54F6A11135E0}.Debug|Any CPU.Build.0 = Debug|Any CPU
		{212ECDB8-A486-486F-9C1C-54F6A11135E0}.Release|Any CPU.ActiveCfg = Release|Any CPU
		{212ECDB8-A486-486F-9C1C-54F6A11135E0}.Release|Any CPU.Build.0 = Release|Any CPU
		{C7D05766-2DB9-47A7-8079-B238AD1484CA}.Debug|Any CPU.ActiveCfg = Debug|Any CPU
		{C7D05766-2DB9-47A7-8079-B238AD1484CA}.Debug|Any CPU.Build.0 = Debug|Any CPU
		{C7D05766-2DB9-47A7-8079-B238AD1484CA}.Release|Any CPU.ActiveCfg = Release|Any CPU
		{C7D05766-2DB9-47A7-8079-B238AD1484CA}.Release|Any CPU.Build.0 = Release|Any CPU
	EndGlobalSection
	GlobalSection(SolutionProperties) = preSolution
		HideSolutionNode = FALSE
	EndGlobalSection
	GlobalSection(ExtensibilityGlobals) = postSolution
		SolutionGuid = {560D3881-D190-4C53-BAA7-9BB089C75615}
	EndGlobalSection
EndGlobal
